// !$*UTF8*$!
{
	archiveVersion = 1;
	classes = {
	};
	objectVersion = 50;
	objects = {

/* Begin PBXBuildFile section */
		8B2CE49C223F8BE6002FE3FB /* ViewWithTouchesOutside.swift in Sources */ = {isa = PBXBuildFile; fileRef = 8B2CE49B223F8BE6002FE3FB /* ViewWithTouchesOutside.swift */; };
		8B55008C2241F1AF005B625C /* Date+RoundToDay.swift in Sources */ = {isa = PBXBuildFile; fileRef = 8B55008B2241F1AF005B625C /* Date+RoundToDay.swift */; };
		8B55008E224246EF005B625C /* Throttler.swift in Sources */ = {isa = PBXBuildFile; fileRef = 8B55008D224246EF005B625C /* Throttler.swift */; };
		FD1674A4223FCE3500B3EDC6 /* ViewScrollable.swift in Sources */ = {isa = PBXBuildFile; fileRef = FD1674A3223FCE3500B3EDC6 /* ViewScrollable.swift */; };
		FD1674A6223FD17D00B3EDC6 /* LineAnimating.swift in Sources */ = {isa = PBXBuildFile; fileRef = FD1674A5223FD17D00B3EDC6 /* LineAnimating.swift */; };
		FD1674A8223FD1C100B3EDC6 /* CircleView.swift in Sources */ = {isa = PBXBuildFile; fileRef = FD1674A7223FD1C100B3EDC6 /* CircleView.swift */; };
		FD1674AA223FD1D900B3EDC6 /* BubbleView.swift in Sources */ = {isa = PBXBuildFile; fileRef = FD1674A9223FD1D900B3EDC6 /* BubbleView.swift */; };
		FD1674AC223FD79400B3EDC6 /* ChartElementView.swift in Sources */ = {isa = PBXBuildFile; fileRef = FD1674AB223FD79400B3EDC6 /* ChartElementView.swift */; };
		FD1674B4223FD9A600B3EDC6 /* YAXis.swift in Sources */ = {isa = PBXBuildFile; fileRef = FD1674B1223FD9A600B3EDC6 /* YAXis.swift */; };
		FD1674B5223FD9A600B3EDC6 /* Chart.swift in Sources */ = {isa = PBXBuildFile; fileRef = FD1674B2223FD9A600B3EDC6 /* Chart.swift */; };
		FD1674B6223FD9A600B3EDC6 /* XAxis.swift in Sources */ = {isa = PBXBuildFile; fileRef = FD1674B3223FD9A600B3EDC6 /* XAxis.swift */; };
		FD1674BB223FEB4D00B3EDC6 /* UIViewController+BackButton.swift in Sources */ = {isa = PBXBuildFile; fileRef = FD1674BA223FEB4D00B3EDC6 /* UIViewController+BackButton.swift */; };
		FD1674BD223FF0AF00B3EDC6 /* DayNightModeToggler.swift in Sources */ = {isa = PBXBuildFile; fileRef = FD1674BC223FF0AF00B3EDC6 /* DayNightModeToggler.swift */; };
		FD1674BF223FF0C700B3EDC6 /* UIColor+AppColors.swift in Sources */ = {isa = PBXBuildFile; fileRef = FD1674BE223FF0C700B3EDC6 /* UIColor+AppColors.swift */; };
		FD1674C1223FF70100B3EDC6 /* DayNightViewConfigurable.swift in Sources */ = {isa = PBXBuildFile; fileRef = FD1674C0223FF70100B3EDC6 /* DayNightViewConfigurable.swift */; };
		FD6B35C8223E2CA500290F7C /* chart_data.json in Resources */ = {isa = PBXBuildFile; fileRef = FD6B35C2223E2CA400290F7C /* chart_data.json */; };
		FD6B35C9223E2CA500290F7C /* Assets.xcassets in Resources */ = {isa = PBXBuildFile; fileRef = FD6B35C3223E2CA400290F7C /* Assets.xcassets */; };
		FD6B35CA223E2CA500290F7C /* LaunchScreen.storyboard in Resources */ = {isa = PBXBuildFile; fileRef = FD6B35C4223E2CA400290F7C /* LaunchScreen.storyboard */; };
		FD6B35DB223E9DA600290F7C /* LineView.swift in Sources */ = {isa = PBXBuildFile; fileRef = FD6B35D1223E9DA600290F7C /* LineView.swift */; };
		FD6B35DC223E9DA600290F7C /* YAxisView.swift in Sources */ = {isa = PBXBuildFile; fileRef = FD6B35D2223E9DA600290F7C /* YAxisView.swift */; };
		FD6B35DD223E9DA600290F7C /* ChartView.swift in Sources */ = {isa = PBXBuildFile; fileRef = FD6B35D3223E9DA600290F7C /* ChartView.swift */; };
		FD6B35DF223E9DA600290F7C /* XAxisView.swift in Sources */ = {isa = PBXBuildFile; fileRef = FD6B35D5223E9DA600290F7C /* XAxisView.swift */; };
		FD6B35E0223E9DA600290F7C /* BackgroundLinesView.swift in Sources */ = {isa = PBXBuildFile; fileRef = FD6B35D6223E9DA600290F7C /* BackgroundLinesView.swift */; };
		FD6B35E1223E9DA600290F7C /* DraggableView.swift in Sources */ = {isa = PBXBuildFile; fileRef = FD6B35D8223E9DA600290F7C /* DraggableView.swift */; };
		FD6B35E2223E9DA600290F7C /* ChartMiniatureView.swift in Sources */ = {isa = PBXBuildFile; fileRef = FD6B35D9223E9DA600290F7C /* ChartMiniatureView.swift */; };
		FD6B35E3223E9DA600290F7C /* ChartElementsToggleView.swift in Sources */ = {isa = PBXBuildFile; fileRef = FD6B35DA223E9DA600290F7C /* ChartElementsToggleView.swift */; };
		FD6B35E5223E9DBE00290F7C /* SimpleLineView.swift in Sources */ = {isa = PBXBuildFile; fileRef = FD6B35E4223E9DBE00290F7C /* SimpleLineView.swift */; };
		FD6B35E7223E9DD500290F7C /* ChartSelectionBubbleView.swift in Sources */ = {isa = PBXBuildFile; fileRef = FD6B35E6223E9DD500290F7C /* ChartSelectionBubbleView.swift */; };
		FD6B35E9223EACD600290F7C /* ImmediatePanGestureRecognizer.swift in Sources */ = {isa = PBXBuildFile; fileRef = FD6B35E8223EACD600290F7C /* ImmediatePanGestureRecognizer.swift */; };
		FDA2A9FE223CB61500EE69B5 /* DataImporter.swift in Sources */ = {isa = PBXBuildFile; fileRef = FDA2A9F1223CB61500EE69B5 /* DataImporter.swift */; };
		FDA2A9FF223CB61500EE69B5 /* UIColor+Hex.swift in Sources */ = {isa = PBXBuildFile; fileRef = FDA2A9F3223CB61500EE69B5 /* UIColor+Hex.swift */; };
		FDA2AA00223CB61500EE69B5 /* UIView+RoundCorners.swift in Sources */ = {isa = PBXBuildFile; fileRef = FDA2A9F4223CB61500EE69B5 /* UIView+RoundCorners.swift */; };
		FDA2AA02223CB61500EE69B5 /* AppDelegate.swift in Sources */ = {isa = PBXBuildFile; fileRef = FDA2A9F8223CB61500EE69B5 /* AppDelegate.swift */; };
		FDA2AA16223D3DC600EE69B5 /* ChartViewController.swift in Sources */ = {isa = PBXBuildFile; fileRef = FDA2AA0E223D3DC600EE69B5 /* ChartViewController.swift */; };
		FDA2AA1E223D3DDF00EE69B5 /* ChartsCoordinator.swift in Sources */ = {isa = PBXBuildFile; fileRef = FDA2AA1D223D3DDF00EE69B5 /* ChartsCoordinator.swift */; };
		FDA2AA20223D4F1200EE69B5 /* NavigationController.swift in Sources */ = {isa = PBXBuildFile; fileRef = FDA2AA1F223D4F1200EE69B5 /* NavigationController.swift */; };
/* End PBXBuildFile section */

/* Begin PBXFileReference section */
		8B2CE49B223F8BE6002FE3FB /* ViewWithTouchesOutside.swift */ = {isa = PBXFileReference; lastKnownFileType = sourcecode.swift; path = ViewWithTouchesOutside.swift; sourceTree = "<group>"; };
		8B55008B2241F1AF005B625C /* Date+RoundToDay.swift */ = {isa = PBXFileReference; lastKnownFileType = sourcecode.swift; path = "Date+RoundToDay.swift"; sourceTree = "<group>"; };
		8B55008D224246EF005B625C /* Throttler.swift */ = {isa = PBXFileReference; lastKnownFileType = sourcecode.swift; path = Throttler.swift; sourceTree = "<group>"; };
		FD1674A3223FCE3500B3EDC6 /* ViewScrollable.swift */ = {isa = PBXFileReference; lastKnownFileType = sourcecode.swift; path = ViewScrollable.swift; sourceTree = "<group>"; };
		FD1674A5223FD17D00B3EDC6 /* LineAnimating.swift */ = {isa = PBXFileReference; lastKnownFileType = sourcecode.swift; path = LineAnimating.swift; sourceTree = "<group>"; };
		FD1674A7223FD1C100B3EDC6 /* CircleView.swift */ = {isa = PBXFileReference; lastKnownFileType = sourcecode.swift; path = CircleView.swift; sourceTree = "<group>"; };
		FD1674A9223FD1D900B3EDC6 /* BubbleView.swift */ = {isa = PBXFileReference; lastKnownFileType = sourcecode.swift; path = BubbleView.swift; sourceTree = "<group>"; };
		FD1674AB223FD79400B3EDC6 /* ChartElementView.swift */ = {isa = PBXFileReference; lastKnownFileType = sourcecode.swift; path = ChartElementView.swift; sourceTree = "<group>"; };
		FD1674B1223FD9A600B3EDC6 /* YAXis.swift */ = {isa = PBXFileReference; fileEncoding = 4; lastKnownFileType = sourcecode.swift; path = YAXis.swift; sourceTree = "<group>"; };
		FD1674B2223FD9A600B3EDC6 /* Chart.swift */ = {isa = PBXFileReference; fileEncoding = 4; lastKnownFileType = sourcecode.swift; path = Chart.swift; sourceTree = "<group>"; };
		FD1674B3223FD9A600B3EDC6 /* XAxis.swift */ = {isa = PBXFileReference; fileEncoding = 4; lastKnownFileType = sourcecode.swift; path = XAxis.swift; sourceTree = "<group>"; };
		FD1674BA223FEB4D00B3EDC6 /* UIViewController+BackButton.swift */ = {isa = PBXFileReference; lastKnownFileType = sourcecode.swift; path = "UIViewController+BackButton.swift"; sourceTree = "<group>"; };
		FD1674BC223FF0AF00B3EDC6 /* DayNightModeToggler.swift */ = {isa = PBXFileReference; lastKnownFileType = sourcecode.swift; path = DayNightModeToggler.swift; sourceTree = "<group>"; };
		FD1674BE223FF0C700B3EDC6 /* UIColor+AppColors.swift */ = {isa = PBXFileReference; lastKnownFileType = sourcecode.swift; path = "UIColor+AppColors.swift"; sourceTree = "<group>"; };
		FD1674C0223FF70100B3EDC6 /* DayNightViewConfigurable.swift */ = {isa = PBXFileReference; lastKnownFileType = sourcecode.swift; path = DayNightViewConfigurable.swift; sourceTree = "<group>"; };
		FD6B35C2223E2CA400290F7C /* chart_data.json */ = {isa = PBXFileReference; fileEncoding = 4; lastKnownFileType = text.json; path = chart_data.json; sourceTree = "<group>"; };
		FD6B35C3223E2CA400290F7C /* Assets.xcassets */ = {isa = PBXFileReference; lastKnownFileType = folder.assetcatalog; path = Assets.xcassets; sourceTree = "<group>"; };
		FD6B35C5223E2CA400290F7C /* Base */ = {isa = PBXFileReference; lastKnownFileType = file.storyboard; name = Base; path = Base.lproj/LaunchScreen.storyboard; sourceTree = "<group>"; };
		FD6B35C7223E2CA500290F7C /* Info.plist */ = {isa = PBXFileReference; fileEncoding = 4; lastKnownFileType = text.plist.xml; path = Info.plist; sourceTree = "<group>"; };
		FD6B35D1223E9DA600290F7C /* LineView.swift */ = {isa = PBXFileReference; fileEncoding = 4; lastKnownFileType = sourcecode.swift; path = LineView.swift; sourceTree = "<group>"; };
		FD6B35D2223E9DA600290F7C /* YAxisView.swift */ = {isa = PBXFileReference; fileEncoding = 4; lastKnownFileType = sourcecode.swift; path = YAxisView.swift; sourceTree = "<group>"; };
		FD6B35D3223E9DA600290F7C /* ChartView.swift */ = {isa = PBXFileReference; fileEncoding = 4; lastKnownFileType = sourcecode.swift; path = ChartView.swift; sourceTree = "<group>"; };
		FD6B35D5223E9DA600290F7C /* XAxisView.swift */ = {isa = PBXFileReference; fileEncoding = 4; lastKnownFileType = sourcecode.swift; path = XAxisView.swift; sourceTree = "<group>"; wrapsLines = 0; };
		FD6B35D6223E9DA600290F7C /* BackgroundLinesView.swift */ = {isa = PBXFileReference; fileEncoding = 4; lastKnownFileType = sourcecode.swift; path = BackgroundLinesView.swift; sourceTree = "<group>"; };
		FD6B35D8223E9DA600290F7C /* DraggableView.swift */ = {isa = PBXFileReference; fileEncoding = 4; lastKnownFileType = sourcecode.swift; path = DraggableView.swift; sourceTree = "<group>"; };
		FD6B35D9223E9DA600290F7C /* ChartMiniatureView.swift */ = {isa = PBXFileReference; fileEncoding = 4; lastKnownFileType = sourcecode.swift; path = ChartMiniatureView.swift; sourceTree = "<group>"; };
		FD6B35DA223E9DA600290F7C /* ChartElementsToggleView.swift */ = {isa = PBXFileReference; fileEncoding = 4; lastKnownFileType = sourcecode.swift; path = ChartElementsToggleView.swift; sourceTree = "<group>"; };
		FD6B35E4223E9DBE00290F7C /* SimpleLineView.swift */ = {isa = PBXFileReference; fileEncoding = 4; lastKnownFileType = sourcecode.swift; path = SimpleLineView.swift; sourceTree = "<group>"; };
		FD6B35E6223E9DD500290F7C /* ChartSelectionBubbleView.swift */ = {isa = PBXFileReference; lastKnownFileType = sourcecode.swift; path = ChartSelectionBubbleView.swift; sourceTree = "<group>"; };
		FD6B35E8223EACD600290F7C /* ImmediatePanGestureRecognizer.swift */ = {isa = PBXFileReference; lastKnownFileType = sourcecode.swift; path = ImmediatePanGestureRecognizer.swift; sourceTree = "<group>"; };
		FD8C8C5A223A796B00393FB1 /* Charts.app */ = {isa = PBXFileReference; explicitFileType = wrapper.application; includeInIndex = 0; path = Charts.app; sourceTree = BUILT_PRODUCTS_DIR; };
		FDA2A9F1223CB61500EE69B5 /* DataImporter.swift */ = {isa = PBXFileReference; fileEncoding = 4; lastKnownFileType = sourcecode.swift; path = DataImporter.swift; sourceTree = "<group>"; };
		FDA2A9F3223CB61500EE69B5 /* UIColor+Hex.swift */ = {isa = PBXFileReference; fileEncoding = 4; lastKnownFileType = sourcecode.swift; path = "UIColor+Hex.swift"; sourceTree = "<group>"; };
		FDA2A9F4223CB61500EE69B5 /* UIView+RoundCorners.swift */ = {isa = PBXFileReference; fileEncoding = 4; lastKnownFileType = sourcecode.swift; path = "UIView+RoundCorners.swift"; sourceTree = "<group>"; };
		FDA2A9F8223CB61500EE69B5 /* AppDelegate.swift */ = {isa = PBXFileReference; fileEncoding = 4; lastKnownFileType = sourcecode.swift; path = AppDelegate.swift; sourceTree = "<group>"; };
		FDA2AA0E223D3DC600EE69B5 /* ChartViewController.swift */ = {isa = PBXFileReference; fileEncoding = 4; lastKnownFileType = sourcecode.swift; path = ChartViewController.swift; sourceTree = "<group>"; };
		FDA2AA1D223D3DDF00EE69B5 /* ChartsCoordinator.swift */ = {isa = PBXFileReference; lastKnownFileType = sourcecode.swift; path = ChartsCoordinator.swift; sourceTree = "<group>"; };
		FDA2AA1F223D4F1200EE69B5 /* NavigationController.swift */ = {isa = PBXFileReference; lastKnownFileType = sourcecode.swift; path = NavigationController.swift; sourceTree = "<group>"; };
/* End PBXFileReference section */

/* Begin PBXFrameworksBuildPhase section */
		FD8C8C57223A796A00393FB1 /* Frameworks */ = {
			isa = PBXFrameworksBuildPhase;
			buildActionMask = 2147483647;
			files = (
			);
			runOnlyForDeploymentPostprocessing = 0;
		};
/* End PBXFrameworksBuildPhase section */

/* Begin PBXGroup section */
		FD1674A2223FCE2300B3EDC6 /* Protocols */ = {
			isa = PBXGroup;
			children = (
				FD1674A3223FCE3500B3EDC6 /* ViewScrollable.swift */,
				FD1674A5223FD17D00B3EDC6 /* LineAnimating.swift */,
				FD1674C0223FF70100B3EDC6 /* DayNightViewConfigurable.swift */,
			);
			path = Protocols;
			sourceTree = "<group>";
		};
		FD1674B0223FD9A600B3EDC6 /* View Model */ = {
			isa = PBXGroup;
			children = (
				FD1674B2223FD9A600B3EDC6 /* Chart.swift */,
				FD1674B1223FD9A600B3EDC6 /* YAXis.swift */,
				FD1674B3223FD9A600B3EDC6 /* XAxis.swift */,
			);
			path = "View Model";
			sourceTree = "<group>";
		};
		FD6B35C1223E2CA400290F7C /* Resources */ = {
			isa = PBXGroup;
			children = (
				FD6B35C3223E2CA400290F7C /* Assets.xcassets */,
				FD6B35C2223E2CA400290F7C /* chart_data.json */,
				FD6B35C4223E2CA400290F7C /* LaunchScreen.storyboard */,
			);
			path = Resources;
			sourceTree = "<group>";
		};
		FD6B35C6223E2CA500290F7C /* Supporting Files */ = {
			isa = PBXGroup;
			children = (
				FD6B35C7223E2CA500290F7C /* Info.plist */,
			);
			path = "Supporting Files";
			sourceTree = "<group>";
		};
		FD6B35D0223E9DA600290F7C /* Chart */ = {
			isa = PBXGroup;
			children = (
				FD6B35E6223E9DD500290F7C /* ChartSelectionBubbleView.swift */,
				FD1674A9223FD1D900B3EDC6 /* BubbleView.swift */,
				FD6B35D1223E9DA600290F7C /* LineView.swift */,
				FD1674A7223FD1C100B3EDC6 /* CircleView.swift */,
				FD6B35D2223E9DA600290F7C /* YAxisView.swift */,
				FD6B35D3223E9DA600290F7C /* ChartView.swift */,
				FD6B35D5223E9DA600290F7C /* XAxisView.swift */,
				FD6B35D6223E9DA600290F7C /* BackgroundLinesView.swift */,
			);
			path = Chart;
			sourceTree = "<group>";
		};
		FD6B35D7223E9DA600290F7C /* Chart Miniature */ = {
			isa = PBXGroup;
			children = (
				FD6B35E4223E9DBE00290F7C /* SimpleLineView.swift */,
				FD6B35D8223E9DA600290F7C /* DraggableView.swift */,
				FD6B35D9223E9DA600290F7C /* ChartMiniatureView.swift */,
			);
			path = "Chart Miniature";
			sourceTree = "<group>";
		};
		FD8C8C51223A796A00393FB1 = {
			isa = PBXGroup;
			children = (
				FD8C8C5C223A796B00393FB1 /* Charts */,
				FD8C8C5B223A796B00393FB1 /* Products */,
			);
			sourceTree = "<group>";
		};
		FD8C8C5B223A796B00393FB1 /* Products */ = {
			isa = PBXGroup;
			children = (
				FD8C8C5A223A796B00393FB1 /* Charts.app */,
			);
			name = Products;
			sourceTree = "<group>";
		};
		FD8C8C5C223A796B00393FB1 /* Charts */ = {
			isa = PBXGroup;
			children = (
				FDA2A9E8223CB61500EE69B5 /* Sources */,
				FD6B35C1223E2CA400290F7C /* Resources */,
				FD6B35C6223E2CA500290F7C /* Supporting Files */,
			);
			path = Charts;
			sourceTree = "<group>";
		};
		FDA2A9E8223CB61500EE69B5 /* Sources */ = {
			isa = PBXGroup;
			children = (
				FDA2A9F7223CB61500EE69B5 /* Application */,
				FD1674A2223FCE2300B3EDC6 /* Protocols */,
				FDA2A9F2223CB61500EE69B5 /* Extensions */,
				FDA2A9F0223CB61500EE69B5 /* Utils */,
				FD1674B0223FD9A600B3EDC6 /* View Model */,
				FDA2AA0B223D3DC600EE69B5 /* Modules */,
			);
			path = Sources;
			sourceTree = "<group>";
		};
		FDA2A9F0223CB61500EE69B5 /* Utils */ = {
			isa = PBXGroup;
			children = (
				FDA2A9F1223CB61500EE69B5 /* DataImporter.swift */,
				FD6B35E8223EACD600290F7C /* ImmediatePanGestureRecognizer.swift */,
				8B2CE49B223F8BE6002FE3FB /* ViewWithTouchesOutside.swift */,
				FD1674BC223FF0AF00B3EDC6 /* DayNightModeToggler.swift */,
				8B55008D224246EF005B625C /* Throttler.swift */,
			);
			path = Utils;
			sourceTree = "<group>";
		};
		FDA2A9F2223CB61500EE69B5 /* Extensions */ = {
			isa = PBXGroup;
			children = (
				FDA2A9F3223CB61500EE69B5 /* UIColor+Hex.swift */,
				FD1674BE223FF0C700B3EDC6 /* UIColor+AppColors.swift */,
				FDA2A9F4223CB61500EE69B5 /* UIView+RoundCorners.swift */,
				FD1674BA223FEB4D00B3EDC6 /* UIViewController+BackButton.swift */,
				8B55008B2241F1AF005B625C /* Date+RoundToDay.swift */,
			);
			path = Extensions;
			sourceTree = "<group>";
		};
		FDA2A9F7223CB61500EE69B5 /* Application */ = {
			isa = PBXGroup;
			children = (
				FDA2A9F8223CB61500EE69B5 /* AppDelegate.swift */,
			);
			path = Application;
			sourceTree = "<group>";
		};
		FDA2AA0B223D3DC600EE69B5 /* Modules */ = {
			isa = PBXGroup;
			children = (
				FDA2AA0C223D3DC600EE69B5 /* Charts */,
				FDA2AA1F223D4F1200EE69B5 /* NavigationController.swift */,
			);
			path = Modules;
			sourceTree = "<group>";
		};
		FDA2AA0C223D3DC600EE69B5 /* Charts */ = {
			isa = PBXGroup;
			children = (
				FDA2AA0D223D3DC600EE69B5 /* Chart */,
				FDA2AA1D223D3DDF00EE69B5 /* ChartsCoordinator.swift */,
			);
			path = Charts;
			sourceTree = "<group>";
		};
		FDA2AA0D223D3DC600EE69B5 /* Chart */ = {
			isa = PBXGroup;
			children = (
				FDA2AA0F223D3DC600EE69B5 /* Views */,
				FDA2AA0E223D3DC600EE69B5 /* ChartViewController.swift */,
			);
			path = Chart;
			sourceTree = "<group>";
		};
		FDA2AA0F223D3DC600EE69B5 /* Views */ = {
			isa = PBXGroup;
			children = (
				FD6B35D0223E9DA600290F7C /* Chart */,
				FD6B35D7223E9DA600290F7C /* Chart Miniature */,
				FD6B35DA223E9DA600290F7C /* ChartElementsToggleView.swift */,
				FD1674AB223FD79400B3EDC6 /* ChartElementView.swift */,
			);
			path = Views;
			sourceTree = "<group>";
		};
/* End PBXGroup section */

/* Begin PBXNativeTarget section */
		FD8C8C59223A796A00393FB1 /* Charts */ = {
			isa = PBXNativeTarget;
			buildConfigurationList = FD8C8C6C223A796C00393FB1 /* Build configuration list for PBXNativeTarget "Charts" */;
			buildPhases = (
				FD8C8C56223A796A00393FB1 /* Sources */,
				FD8C8C57223A796A00393FB1 /* Frameworks */,
				FD8C8C58223A796A00393FB1 /* Resources */,
			);
			buildRules = (
			);
			dependencies = (
			);
			name = Charts;
			productName = TelegramCharts;
			productReference = FD8C8C5A223A796B00393FB1 /* Charts.app */;
			productType = "com.apple.product-type.application";
		};
/* End PBXNativeTarget section */

/* Begin PBXProject section */
		FD8C8C52223A796A00393FB1 /* Project object */ = {
			isa = PBXProject;
			attributes = {
				LastSwiftUpdateCheck = 1010;
				LastUpgradeCheck = 1010;
				ORGANIZATIONNAME = dnovodon;
				TargetAttributes = {
					FD8C8C59223A796A00393FB1 = {
						CreatedOnToolsVersion = 10.1;
					};
				};
			};
			buildConfigurationList = FD8C8C55223A796A00393FB1 /* Build configuration list for PBXProject "Charts" */;
			compatibilityVersion = "Xcode 9.3";
			developmentRegion = en;
			hasScannedForEncodings = 0;
			knownRegions = (
				en,
				Base,
			);
			mainGroup = FD8C8C51223A796A00393FB1;
			productRefGroup = FD8C8C5B223A796B00393FB1 /* Products */;
			projectDirPath = "";
			projectRoot = "";
			targets = (
				FD8C8C59223A796A00393FB1 /* Charts */,
			);
		};
/* End PBXProject section */

/* Begin PBXResourcesBuildPhase section */
		FD8C8C58223A796A00393FB1 /* Resources */ = {
			isa = PBXResourcesBuildPhase;
			buildActionMask = 2147483647;
			files = (
				FD6B35CA223E2CA500290F7C /* LaunchScreen.storyboard in Resources */,
				FD6B35C9223E2CA500290F7C /* Assets.xcassets in Resources */,
				FD6B35C8223E2CA500290F7C /* chart_data.json in Resources */,
			);
			runOnlyForDeploymentPostprocessing = 0;
		};
/* End PBXResourcesBuildPhase section */

/* Begin PBXSourcesBuildPhase section */
		FD8C8C56223A796A00393FB1 /* Sources */ = {
			isa = PBXSourcesBuildPhase;
			buildActionMask = 2147483647;
			files = (
				8B55008C2241F1AF005B625C /* Date+RoundToDay.swift in Sources */,
				8B2CE49C223F8BE6002FE3FB /* ViewWithTouchesOutside.swift in Sources */,
				FD6B35E1223E9DA600290F7C /* DraggableView.swift in Sources */,
				FD6B35DD223E9DA600290F7C /* ChartView.swift in Sources */,
				FD6B35E3223E9DA600290F7C /* ChartElementsToggleView.swift in Sources */,
				FDA2A9FF223CB61500EE69B5 /* UIColor+Hex.swift in Sources */,
				FD1674C1223FF70100B3EDC6 /* DayNightViewConfigurable.swift in Sources */,
				FD1674AA223FD1D900B3EDC6 /* BubbleView.swift in Sources */,
				FD6B35E9223EACD600290F7C /* ImmediatePanGestureRecognizer.swift in Sources */,
				FD1674B4223FD9A600B3EDC6 /* YAXis.swift in Sources */,
				FDA2AA00223CB61500EE69B5 /* UIView+RoundCorners.swift in Sources */,
				FD1674B6223FD9A600B3EDC6 /* XAxis.swift in Sources */,
				FD6B35E5223E9DBE00290F7C /* SimpleLineView.swift in Sources */,
				FD1674BF223FF0C700B3EDC6 /* UIColor+AppColors.swift in Sources */,
				8B55008E224246EF005B625C /* Throttler.swift in Sources */,
				FD6B35DB223E9DA600290F7C /* LineView.swift in Sources */,
				FDA2AA20223D4F1200EE69B5 /* NavigationController.swift in Sources */,
				FD1674A4223FCE3500B3EDC6 /* ViewScrollable.swift in Sources */,
				FD6B35DF223E9DA600290F7C /* XAxisView.swift in Sources */,
				FDA2AA1E223D3DDF00EE69B5 /* ChartsCoordinator.swift in Sources */,
				FD6B35E0223E9DA600290F7C /* BackgroundLinesView.swift in Sources */,
				FD1674B5223FD9A600B3EDC6 /* Chart.swift in Sources */,
				FDA2AA16223D3DC600EE69B5 /* ChartViewController.swift in Sources */,
				FDA2A9FE223CB61500EE69B5 /* DataImporter.swift in Sources */,
				FD6B35E7223E9DD500290F7C /* ChartSelectionBubbleView.swift in Sources */,
				FD1674AC223FD79400B3EDC6 /* ChartElementView.swift in Sources */,
				FDA2AA02223CB61500EE69B5 /* AppDelegate.swift in Sources */,
				FD1674BB223FEB4D00B3EDC6 /* UIViewController+BackButton.swift in Sources */,
				FD1674A8223FD1C100B3EDC6 /* CircleView.swift in Sources */,
				FD6B35E2223E9DA600290F7C /* ChartMiniatureView.swift in Sources */,
				FD1674A6223FD17D00B3EDC6 /* LineAnimating.swift in Sources */,
				FD1674BD223FF0AF00B3EDC6 /* DayNightModeToggler.swift in Sources */,
				FD6B35DC223E9DA600290F7C /* YAxisView.swift in Sources */,
			);
			runOnlyForDeploymentPostprocessing = 0;
		};
/* End PBXSourcesBuildPhase section */

/* Begin PBXVariantGroup section */
		FD6B35C4223E2CA400290F7C /* LaunchScreen.storyboard */ = {
			isa = PBXVariantGroup;
			children = (
				FD6B35C5223E2CA400290F7C /* Base */,
			);
			name = LaunchScreen.storyboard;
			sourceTree = "<group>";
		};
/* End PBXVariantGroup section */

/* Begin XCBuildConfiguration section */
		FD8C8C6A223A796C00393FB1 /* Debug */ = {
			isa = XCBuildConfiguration;
			buildSettings = {
				ALWAYS_SEARCH_USER_PATHS = NO;
				CLANG_ANALYZER_NONNULL = YES;
				CLANG_ANALYZER_NUMBER_OBJECT_CONVERSION = YES_AGGRESSIVE;
				CLANG_CXX_LANGUAGE_STANDARD = "gnu++14";
				CLANG_CXX_LIBRARY = "libc++";
				CLANG_ENABLE_MODULES = YES;
				CLANG_ENABLE_OBJC_ARC = YES;
				CLANG_ENABLE_OBJC_WEAK = YES;
				CLANG_WARN_BLOCK_CAPTURE_AUTORELEASING = YES;
				CLANG_WARN_BOOL_CONVERSION = YES;
				CLANG_WARN_COMMA = YES;
				CLANG_WARN_CONSTANT_CONVERSION = YES;
				CLANG_WARN_DEPRECATED_OBJC_IMPLEMENTATIONS = YES;
				CLANG_WARN_DIRECT_OBJC_ISA_USAGE = YES_ERROR;
				CLANG_WARN_DOCUMENTATION_COMMENTS = YES;
				CLANG_WARN_EMPTY_BODY = YES;
				CLANG_WARN_ENUM_CONVERSION = YES;
				CLANG_WARN_INFINITE_RECURSION = YES;
				CLANG_WARN_INT_CONVERSION = YES;
				CLANG_WARN_NON_LITERAL_NULL_CONVERSION = YES;
				CLANG_WARN_OBJC_IMPLICIT_RETAIN_SELF = YES;
				CLANG_WARN_OBJC_LITERAL_CONVERSION = YES;
				CLANG_WARN_OBJC_ROOT_CLASS = YES_ERROR;
				CLANG_WARN_RANGE_LOOP_ANALYSIS = YES;
				CLANG_WARN_STRICT_PROTOTYPES = YES;
				CLANG_WARN_SUSPICIOUS_MOVE = YES;
				CLANG_WARN_UNGUARDED_AVAILABILITY = YES_AGGRESSIVE;
				CLANG_WARN_UNREACHABLE_CODE = YES;
				CLANG_WARN__DUPLICATE_METHOD_MATCH = YES;
				CODE_SIGN_IDENTITY = "iPhone Developer";
				COPY_PHASE_STRIP = NO;
				DEBUG_INFORMATION_FORMAT = dwarf;
				ENABLE_STRICT_OBJC_MSGSEND = YES;
				ENABLE_TESTABILITY = YES;
				GCC_C_LANGUAGE_STANDARD = gnu11;
				GCC_DYNAMIC_NO_PIC = NO;
				GCC_NO_COMMON_BLOCKS = YES;
				GCC_OPTIMIZATION_LEVEL = 0;
				GCC_PREPROCESSOR_DEFINITIONS = (
					"DEBUG=1",
					"$(inherited)",
				);
				GCC_WARN_64_TO_32_BIT_CONVERSION = YES;
				GCC_WARN_ABOUT_RETURN_TYPE = YES_ERROR;
				GCC_WARN_UNDECLARED_SELECTOR = YES;
				GCC_WARN_UNINITIALIZED_AUTOS = YES_AGGRESSIVE;
				GCC_WARN_UNUSED_FUNCTION = YES;
				GCC_WARN_UNUSED_VARIABLE = YES;
				IPHONEOS_DEPLOYMENT_TARGET = 11.0;
				MTL_ENABLE_DEBUG_INFO = INCLUDE_SOURCE;
				MTL_FAST_MATH = YES;
				ONLY_ACTIVE_ARCH = YES;
				SDKROOT = iphoneos;
				SWIFT_ACTIVE_COMPILATION_CONDITIONS = DEBUG;
				SWIFT_OPTIMIZATION_LEVEL = "-Onone";
			};
			name = Debug;
		};
		FD8C8C6B223A796C00393FB1 /* Release */ = {
			isa = XCBuildConfiguration;
			buildSettings = {
				ALWAYS_SEARCH_USER_PATHS = NO;
				CLANG_ANALYZER_NONNULL = YES;
				CLANG_ANALYZER_NUMBER_OBJECT_CONVERSION = YES_AGGRESSIVE;
				CLANG_CXX_LANGUAGE_STANDARD = "gnu++14";
				CLANG_CXX_LIBRARY = "libc++";
				CLANG_ENABLE_MODULES = YES;
				CLANG_ENABLE_OBJC_ARC = YES;
				CLANG_ENABLE_OBJC_WEAK = YES;
				CLANG_WARN_BLOCK_CAPTURE_AUTORELEASING = YES;
				CLANG_WARN_BOOL_CONVERSION = YES;
				CLANG_WARN_COMMA = YES;
				CLANG_WARN_CONSTANT_CONVERSION = YES;
				CLANG_WARN_DEPRECATED_OBJC_IMPLEMENTATIONS = YES;
				CLANG_WARN_DIRECT_OBJC_ISA_USAGE = YES_ERROR;
				CLANG_WARN_DOCUMENTATION_COMMENTS = YES;
				CLANG_WARN_EMPTY_BODY = YES;
				CLANG_WARN_ENUM_CONVERSION = YES;
				CLANG_WARN_INFINITE_RECURSION = YES;
				CLANG_WARN_INT_CONVERSION = YES;
				CLANG_WARN_NON_LITERAL_NULL_CONVERSION = YES;
				CLANG_WARN_OBJC_IMPLICIT_RETAIN_SELF = YES;
				CLANG_WARN_OBJC_LITERAL_CONVERSION = YES;
				CLANG_WARN_OBJC_ROOT_CLASS = YES_ERROR;
				CLANG_WARN_RANGE_LOOP_ANALYSIS = YES;
				CLANG_WARN_STRICT_PROTOTYPES = YES;
				CLANG_WARN_SUSPICIOUS_MOVE = YES;
				CLANG_WARN_UNGUARDED_AVAILABILITY = YES_AGGRESSIVE;
				CLANG_WARN_UNREACHABLE_CODE = YES;
				CLANG_WARN__DUPLICATE_METHOD_MATCH = YES;
				CODE_SIGN_IDENTITY = "iPhone Developer";
				COPY_PHASE_STRIP = NO;
				DEBUG_INFORMATION_FORMAT = "dwarf-with-dsym";
				ENABLE_NS_ASSERTIONS = NO;
				ENABLE_STRICT_OBJC_MSGSEND = YES;
				GCC_C_LANGUAGE_STANDARD = gnu11;
				GCC_NO_COMMON_BLOCKS = YES;
				GCC_WARN_64_TO_32_BIT_CONVERSION = YES;
				GCC_WARN_ABOUT_RETURN_TYPE = YES_ERROR;
				GCC_WARN_UNDECLARED_SELECTOR = YES;
				GCC_WARN_UNINITIALIZED_AUTOS = YES_AGGRESSIVE;
				GCC_WARN_UNUSED_FUNCTION = YES;
				GCC_WARN_UNUSED_VARIABLE = YES;
				IPHONEOS_DEPLOYMENT_TARGET = 11.0;
				MTL_ENABLE_DEBUG_INFO = NO;
				MTL_FAST_MATH = YES;
				SDKROOT = iphoneos;
				SWIFT_COMPILATION_MODE = wholemodule;
				SWIFT_OPTIMIZATION_LEVEL = "-O";
				VALIDATE_PRODUCT = YES;
			};
			name = Release;
		};
		FD8C8C6D223A796C00393FB1 /* Debug */ = {
			isa = XCBuildConfiguration;
			buildSettings = {
				ASSETCATALOG_COMPILER_APPICON_NAME = AppIcon;
				CODE_SIGN_IDENTITY = "iPhone Developer";
				CODE_SIGN_STYLE = Automatic;
				DEVELOPMENT_TEAM = RBAQY4C72X;
				INFOPLIST_FILE = "Charts/Supporting Files/Info.plist";
				LD_RUNPATH_SEARCH_PATHS = (
					"$(inherited)",
					"@executable_path/Frameworks",
				);
				PRODUCT_BUNDLE_IDENTIFIER = com.dnovodon.charts;
				PRODUCT_NAME = "$(TARGET_NAME)";
				PROVISIONING_PROFILE_SPECIFIER = "";
				SWIFT_OPTIMIZATION_LEVEL = "-Onone";
				SWIFT_VERSION = 4.2;
				TARGETED_DEVICE_FAMILY = "1,2";
			};
			name = Debug;
		};
		FD8C8C6E223A796C00393FB1 /* Release */ = {
			isa = XCBuildConfiguration;
			buildSettings = {
				ASSETCATALOG_COMPILER_APPICON_NAME = AppIcon;
				CODE_SIGN_IDENTITY = "iPhone Developer";
				CODE_SIGN_STYLE = Automatic;
				DEBUG_INFORMATION_FORMAT = dwarf;
				DEVELOPMENT_TEAM = RBAQY4C72X;
				INFOPLIST_FILE = "Charts/Supporting Files/Info.plist";
				LD_RUNPATH_SEARCH_PATHS = (
					"$(inherited)",
					"@executable_path/Frameworks",
				);
				PRODUCT_BUNDLE_IDENTIFIER = com.dnovodon.charts;
				PRODUCT_NAME = "$(TARGET_NAME)";
				PROVISIONING_PROFILE_SPECIFIER = "";
				SWIFT_OPTIMIZATION_LEVEL = "-O";
				SWIFT_VERSION = 4.2;
				TARGETED_DEVICE_FAMILY = "1,2";
			};
			name = Release;
		};
/* End XCBuildConfiguration section */

/* Begin XCConfigurationList section */
		FD8C8C55223A796A00393FB1 /* Build configuration list for PBXProject "Charts" */ = {
			isa = XCConfigurationList;
			buildConfigurations = (
				FD8C8C6A223A796C00393FB1 /* Debug */,
				FD8C8C6B223A796C00393FB1 /* Release */,
			);
			defaultConfigurationIsVisible = 0;
			defaultConfigurationName = Release;
		};
		FD8C8C6C223A796C00393FB1 /* Build configuration list for PBXNativeTarget "Charts" */ = {
			isa = XCConfigurationList;
			buildConfigurations = (
				FD8C8C6D223A796C00393FB1 /* Debug */,
				FD8C8C6E223A796C00393FB1 /* Release */,
			);
			defaultConfigurationIsVisible = 0;
			defaultConfigurationName = Release;
		};
/* End XCConfigurationList section */
	};
	rootObject = FD8C8C52223A796A00393FB1 /* Project object */;
}
